
Microsoft Visual Studio Solution File, Format Version 12.00
# Visual Studio Version 17
VisualStudioVersion = 17.11.35327.3
MinimumVisualStudioVersion = 10.0.40219.1
Project("{FAE04EC0-301F-11D3-BF4B-00C04F79EFBC}") = "Desinging", "Desinging\Desinging.csproj", "{2EB51D55-2FBB-4100-B8A9-5B43B13CE604}"
EndProject
Global
	GlobalSection(SolutionConfigurationPlatforms) = preSolution
		Debug|Any CPU = Debug|Any CPU
		Release|Any CPU = Release|Any CPU
	EndGlobalSection
	GlobalSection(ProjectConfigurationPlatforms) = postSolution
		{2EB51D55-2FBB-4100-B8A9-5B43B13CE604}.Debug|Any CPU.ActiveCfg = Debug|Any CPU
		{2EB51D55-2FBB-4100-B8A9-5B43B13CE604}.Debug|Any CPU.Build.0 = Debug|Any CPU
		{2EB51D55-2FBB-4100-B8A9-5B43B13CE604}.Release|Any CPU.ActiveCfg = Release|Any CPU
		{2EB51D55-2FBB-4100-B8A9-5B43B13CE604}.Release|Any CPU.Build.0 = Release|Any CPU
	EndGlobalSection
	GlobalSection(SolutionProperties) = preSolution
		HideSolutionNode = FALSE
	EndGlobalSection
	GlobalSection(ExtensibilityGlobals) = postSolution
		SolutionGuid = {FF879B73-653A-46AC-AB49-AD13DC455FAA}
	EndGlobalSection
EndGlobal
