
Microsoft Visual Studio Solution File, Format Version 12.00
# Visual Studio Version 17
VisualStudioVersion = 17.11.35327.3
MinimumVisualStudioVersion = 10.0.40219.1
Project("{FAE04EC0-301F-11D3-BF4B-00C04F79EFBC}") = "CollectionsWPF", "CollectionsWPF\CollectionsWPF.csproj", "{A677F6CB-8E0B-425F-8B7E-F97B1B2DA5A7}"
EndProject
Global
	GlobalSection(SolutionConfigurationPlatforms) = preSolution
		Debug|Any CPU = Debug|Any CPU
		Release|Any CPU = Release|Any CPU
	EndGlobalSection
	GlobalSection(ProjectConfigurationPlatforms) = postSolution
		{A677F6CB-8E0B-425F-8B7E-F97B1B2DA5A7}.Debug|Any CPU.ActiveCfg = Debug|Any CPU
		{A677F6CB-8E0B-425F-8B7E-F97B1B2DA5A7}.Debug|Any CPU.Build.0 = Debug|Any CPU
		{A677F6CB-8E0B-425F-8B7E-F97B1B2DA5A7}.Release|Any CPU.ActiveCfg = Release|Any CPU
		{A677F6CB-8E0B-425F-8B7E-F97B1B2DA5A7}.Release|Any CPU.Build.0 = Release|Any CPU
	EndGlobalSection
	GlobalSection(SolutionProperties) = preSolution
		HideSolutionNode = FALSE
	EndGlobalSection
	GlobalSection(ExtensibilityGlobals) = postSolution
		SolutionGuid = {F9D40135-569D-483C-A2F8-36D70E1B13B0}
	EndGlobalSection
EndGlobal
