
Microsoft Visual Studio Solution File, Format Version 12.00
# Visual Studio Version 17
VisualStudioVersion = 17.11.35312.102
MinimumVisualStudioVersion = 10.0.40219.1
Project("{FAE04EC0-301F-11D3-BF4B-00C04F79EFBC}") = "colour", "colour\colour.csproj", "{5E52C6A8-48FC-43F2-94C4-5E1D754CF07A}"
EndProject
Global
	GlobalSection(SolutionConfigurationPlatforms) = preSolution
		Debug|Any CPU = Debug|Any CPU
		Release|Any CPU = Release|Any CPU
	EndGlobalSection
	GlobalSection(ProjectConfigurationPlatforms) = postSolution
		{5E52C6A8-48FC-43F2-94C4-5E1D754CF07A}.Debug|Any CPU.ActiveCfg = Debug|Any CPU
		{5E52C6A8-48FC-43F2-94C4-5E1D754CF07A}.Debug|Any CPU.Build.0 = Debug|Any CPU
		{5E52C6A8-48FC-43F2-94C4-5E1D754CF07A}.Release|Any CPU.ActiveCfg = Release|Any CPU
		{5E52C6A8-48FC-43F2-94C4-5E1D754CF07A}.Release|Any CPU.Build.0 = Release|Any CPU
	EndGlobalSection
	GlobalSection(SolutionProperties) = preSolution
		HideSolutionNode = FALSE
	EndGlobalSection
	GlobalSection(ExtensibilityGlobals) = postSolution
		SolutionGuid = {13086345-5262-4243-BAC2-9E5E8BC22167}
	EndGlobalSection
EndGlobal
